{
  "name": "parcel-demo",
  "version": "1.0.0",
  "lockfileVersion": 2,
  "requires": true,
  "packages": {
    "": {
      "name": "parcel-demo",
      "version": "1.0.0",
      "license": "MIT",
      "dependencies": {
        "preact": "^10.11.2"
      }
    },
    "node_modules/preact": {
      "version": "10.11.2",
      "resolved": "https://registry.npmmirror.com/preact/-/preact-10.11.2.tgz",
      "integrity": "sha512-skAwGDFmgxhq1DCBHke/9e12ewkhc7WYwjuhHB8HHS8zkdtITXLRmUMTeol2ldxvLwYtwbFeifZ9uDDWuyL4Iw=="
    }
  },
  "dependencies": {
    "preact": {
      "version": "10.11.2",
      "resolved": "https://registry.npmmirror.com/preact/-/preact-10.11.2.tgz",
      "integrity": "sha512-skAwGDFmgxhq1DCBHke/9e12ewkhc7WYwjuhHB8HHS8zkdtITXLRmUMTeol2ldxvLwYtwbFeifZ9uDDWuyL4Iw=="
    }
  }
}
